
Microsoft Visual Studio Solution File, Format Version 12.00
# Visual Studio Version 16
VisualStudioVersion = 16.0.29709.97
MinimumVisualStudioVersion = 10.0.40219.1
Project("{FAE04EC0-301F-11D3-BF4B-00C04F79EFBC}") = "ThePub.Application", "ThePub.Application\ThePub.Application.csproj", "{2F107B54-E533-44F9-8A34-86598EF9CAE4}"
EndProject
Project("{FAE04EC0-301F-11D3-BF4B-00C04F79EFBC}") = "ThePub.Data", "ThePub.Data\ThePub.Data.csproj", "{3979D81C-EB97-4687-B572-5FA0C40E7414}"
EndProject
Project("{FAE04EC0-301F-11D3-BF4B-00C04F79EFBC}") = "ThePub.Services", "ThePub.Services\ThePub.Services.csproj", "{515FCC0D-AB39-4361-928D-74837239C645}"
EndProject
Global
	GlobalSection(SolutionConfigurationPlatforms) = preSolution
		Debug|Any CPU = Debug|Any CPU
		Release|Any CPU = Release|Any CPU
	EndGlobalSection
	GlobalSection(ProjectConfigurationPlatforms) = postSolution
		{2F107B54-E533-44F9-8A34-86598EF9CAE4}.Debug|Any CPU.ActiveCfg = Debug|Any CPU
		{2F107B54-E533-44F9-8A34-86598EF9CAE4}.Debug|Any CPU.Build.0 = Debug|Any CPU
		{2F107B54-E533-44F9-8A34-86598EF9CAE4}.Release|Any CPU.ActiveCfg = Release|Any CPU
		{2F107B54-E533-44F9-8A34-86598EF9CAE4}.Release|Any CPU.Build.0 = Release|Any CPU
		{3979D81C-EB97-4687-B572-5FA0C40E7414}.Debug|Any CPU.ActiveCfg = Debug|Any CPU
		{3979D81C-EB97-4687-B572-5FA0C40E7414}.Debug|Any CPU.Build.0 = Debug|Any CPU
		{3979D81C-EB97-4687-B572-5FA0C40E7414}.Release|Any CPU.ActiveCfg = Release|Any CPU
		{3979D81C-EB97-4687-B572-5FA0C40E7414}.Release|Any CPU.Build.0 = Release|Any CPU
		{515FCC0D-AB39-4361-928D-74837239C645}.Debug|Any CPU.ActiveCfg = Debug|Any CPU
		{515FCC0D-AB39-4361-928D-74837239C645}.Debug|Any CPU.Build.0 = Debug|Any CPU
		{515FCC0D-AB39-4361-928D-74837239C645}.Release|Any CPU.ActiveCfg = Release|Any CPU
		{515FCC0D-AB39-4361-928D-74837239C645}.Release|Any CPU.Build.0 = Release|Any CPU
	EndGlobalSection
	GlobalSection(SolutionProperties) = preSolution
		HideSolutionNode = FALSE
	EndGlobalSection
	GlobalSection(ExtensibilityGlobals) = postSolution
		SolutionGuid = {9716D6E9-88C1-449E-AC03-A98FBB79EAAA}
	EndGlobalSection
EndGlobal
